Microsoft Visual Studio Solution File, Format Version 12.00
# Visual Studio Version 17
VisualStudioVersion = 17.5.2.0
MinimumVisualStudioVersion = 10.0.40219.1
Project("{FAE04EC0-301F-11D3-BF4B-00C04F79EFBC}") = "2026-Estructura-de-datos-Gomez-Erick", "2026-Estructura-de-datos-Gomez-Erick.csproj", "{F7E97F23-68B3-645D-412E-792489F4DC5D}"
EndProject
Global
	GlobalSection(SolutionConfigurationPlatforms) = preSolution
		Debug|Any CPU = Debug|Any CPU
		Release|Any CPU = Release|Any CPU
	EndGlobalSection
	GlobalSection(ProjectConfigurationPlatforms) = postSolution
		{F7E97F23-68B3-645D-412E-792489F4DC5D}.Debug|Any CPU.ActiveCfg = Debug|Any CPU
		{F7E97F23-68B3-645D-412E-792489F4DC5D}.Debug|Any CPU.Build.0 = Debug|Any CPU
		{F7E97F23-68B3-645D-412E-792489F4DC5D}.Release|Any CPU.ActiveCfg = Release|Any CPU
		{F7E97F23-68B3-645D-412E-792489F4DC5D}.Release|Any CPU.Build.0 = Release|Any CPU
	EndGlobalSection
	GlobalSection(SolutionProperties) = preSolution
		HideSolutionNode = FALSE
	EndGlobalSection
	GlobalSection(ExtensibilityGlobals) = postSolution
		SolutionGuid = {489E58A3-275E-468B-BA2D-E6F761042685}
	EndGlobalSection
EndGlobal
